github.com/veandco/go-sdl2 v0.4.6 h1:A9ULEXNVfv5gCeqFlqR2A/E593aEuO4v+NIlT2gooE8=
github.com/veandco/go-sdl2 v0.4.6/go.mod h1:OROqMhHD43nT4/i9crJukyVecjPNYYuCofep6SNiAjY=
golang.org/x/image v0.0.0-20190118043309-183bebdce1b2 h1:FNSSV4jv1PrPsiM2iKGpqLPPgYACqh9Muav7Pollk1k=
golang.org/x/image v0.0.0-20190118043309-183bebdce1b2/go.mod h1:ux5Hcp/YLpHSI86hEcLt0YII63i6oz57MZXIpbrjZUs=
